<?xml version="1.0" encoding="utf-8"?>
<Project ToolsVersion="4.0" xmlns="http://schemas.microsoft.com/developer/msbuild/2003">
  <ItemGroup>
    <Filter Include="Source Files">
      <UniqueIdentifier>{4FC737F1-C7A5-4376-A066-2A32D752A2FF}</UniqueIdentifier>
      <Extensions>cpp;c;cc;cxx;def;odl;idl;hpj;bat;asm;asmx</Extensions>
    </Filter>
    <Filter Include="Header Files">
      <UniqueIdentifier>{93995380-89BD-4b04-88EB-625FBE52EBFB}</UniqueIdentifier>
      <Extensions>h;hh;hpp;hxx;hm;inl;inc;ipp;xsd</Extensions>
    </Filter>
    <Filter Include="Resource Files">
      <UniqueIdentifier>{67DA6AB6-F800-4c08-8B7A-83BB121AAD01}</UniqueIdentifier>
      <Extensions>rc;ico;cur;bmp;dlg;rc2;rct;bin;rgs;gif;jpg;jpeg;jpe;resx;tiff;tif;png;wav;mfcribbon-ms</Extensions>
    </Filter>
    <Filter Include="Header Files\Screens">
      <UniqueIdentifier>{85e99c8e-3ba5-4bd6-98b4-81316a1e3cee}</UniqueIdentifier>
    </Filter>
    <Filter Include="Header Files\Classes">
      <UniqueIdentifier>{069910b2-6640-40ef-b60d-a42bdd553f8c}</UniqueIdentifier>
    </Filter>
    <Filter Include="Source Files\Classes">
      <UniqueIdentifier>{d8c86bc6-b114-4cc5-9322-f3be8d7f0f1f}</UniqueIdentifier>
    </Filter>
    <Filter Include="Source Files\Screens">
      <UniqueIdentifier>{5a4b4538-7497-48eb-9ec3-fb3ea3980aaa}</UniqueIdentifier>
    </Filter>
    <Filter Include="Header Files\Headers">
      <UniqueIdentifier>{45af3042-c7bd-435c-9610-14ac8f293858}</UniqueIdentifier>
    </Filter>
    <Filter Include="Source Files\Source">
      <UniqueIdentifier>{29d8453f-15bb-4944-987c-9fa1be6c9cb1}</UniqueIdentifier>
    </Filter>
  </ItemGroup>
  <ItemGroup>
    <ClCompile Include="Character.cpp">
      <Filter>Source Files\Classes</Filter>
    </ClCompile>
    <ClCompile Include="Player.cpp">
      <Filter>Source Files\Classes</Filter>
    </ClCompile>
    <ClCompile Include="screen_inventory.cpp">
      <Filter>Source Files\Screens</Filter>
    </ClCompile>
    <ClCompile Include="screen_adventure.cpp">
      <Filter>Source Files\Screens</Filter>
    </ClCompile>
    <ClCompile Include="screen_main.cpp">
      <Filter>Source Files\Screens</Filter>
    </ClCompile>
    <ClCompile Include="screen_stats.cpp">
      <Filter>Source Files\Screens</Filter>
    </ClCompile>
    <ClCompile Include="game_save.cpp">
      <Filter>Source Files\Source</Filter>
    </ClCompile>
    <ClCompile Include="main.cpp">
      <Filter>Source Files\Source</Filter>
    </ClCompile>
    <ClCompile Include="screen_exit.cpp">
      <Filter>Source Files\Screens</Filter>
    </ClCompile>
    <ClCompile Include="screen_merchant.cpp">
      <Filter>Source Files\Screens</Filter>
    </ClCompile>
    <ClCompile Include="general.cpp">
      <Filter>Source Files\Source</Filter>
    </ClCompile>
    <ClCompile Include="screen_blacksmith.cpp">
      <Filter>Source Files\Screens</Filter>
    </ClCompile>
  </ItemGroup>
  <ItemGroup>
    <ClInclude Include="screen_inventory.h">
      <Filter>Header Files\Screens</Filter>
    </ClInclude>
    <ClInclude Include="screen_adventure.h">
      <Filter>Header Files\Screens</Filter>
    </ClInclude>
    <ClInclude Include="screen_main.h">
      <Filter>Header Files\Screens</Filter>
    </ClInclude>
    <ClInclude Include="screen_stats.h">
      <Filter>Header Files\Screens</Filter>
    </ClInclude>
    <ClInclude Include="cScreen.h">
      <Filter>Header Files\Screens</Filter>
    </ClInclude>
    <ClInclude Include="Character.h">
      <Filter>Header Files\Classes</Filter>
    </ClInclude>
    <ClInclude Include="Player.h">
      <Filter>Header Files\Classes</Filter>
    </ClInclude>
    <ClInclude Include="game_save.h">
      <Filter>Header Files\Headers</Filter>
    </ClInclude>
    <ClInclude Include="headers.h">
      <Filter>Header Files\Headers</Filter>
    </ClInclude>
    <ClInclude Include="screen_exit.h">
      <Filter>Header Files\Screens</Filter>
    </ClInclude>
    <ClInclude Include="screens.h">
      <Filter>Header Files\Headers</Filter>
    </ClInclude>
    <ClInclude Include="screen_merchant.h">
      <Filter>Header Files\Screens</Filter>
    </ClInclude>
    <ClInclude Include="general.h">
      <Filter>Header Files\Headers</Filter>
    </ClInclude>
    <ClInclude Include="screen_blacksmith.h">
      <Filter>Header Files\Screens</Filter>
    </ClInclude>
  </ItemGroup>
  <ItemGroup>
    <ResourceCompile Include="resource.rc">
      <Filter>Resource Files</Filter>
    </ResourceCompile>
  </ItemGroup>
</Project>